
Microsoft Visual Studio Solution File, Format Version 12.00
# Visual Studio Version 16
VisualStudioVersion = 16.0.30114.105
MinimumVisualStudioVersion = 10.0.40219.1
Project("{FAE04EC0-301F-11D3-BF4B-00C04F79EFBC}") = "Codility02.1", "Codility02.1\Codility02.1.csproj", "{F1209F12-57A9-4CB3-93DD-6FBD0FC14427}"
EndProject
Global
	GlobalSection(SolutionConfigurationPlatforms) = preSolution
		Debug|Any CPU = Debug|Any CPU
		Release|Any CPU = Release|Any CPU
	EndGlobalSection
	GlobalSection(ProjectConfigurationPlatforms) = postSolution
		{F1209F12-57A9-4CB3-93DD-6FBD0FC14427}.Debug|Any CPU.ActiveCfg = Debug|Any CPU
		{F1209F12-57A9-4CB3-93DD-6FBD0FC14427}.Debug|Any CPU.Build.0 = Debug|Any CPU
		{F1209F12-57A9-4CB3-93DD-6FBD0FC14427}.Release|Any CPU.ActiveCfg = Release|Any CPU
		{F1209F12-57A9-4CB3-93DD-6FBD0FC14427}.Release|Any CPU.Build.0 = Release|Any CPU
	EndGlobalSection
	GlobalSection(SolutionProperties) = preSolution
		HideSolutionNode = FALSE
	EndGlobalSection
	GlobalSection(ExtensibilityGlobals) = postSolution
		SolutionGuid = {20D49DFF-89CF-45B5-8702-3575CA005514}
	EndGlobalSection
EndGlobal
